// !$*UTF8*$!
{ archiveVersion = 1; classes = {}; objectVersion = 77; objects = {
000000000000000000000001 = { isa = PBXProject; attributes = { LastUpgradeCheck = 2600; }; buildConfigurationList = 000000000000000000000002; compatibilityVersion = "Xcode 16.0"; developmentRegion = en; knownRegions = (en, Base); mainGroup = 000000000000000000000003; productRefGroup = 000000000000000000000004; projectDirPath = ""; targets = (000000000000000000000005,000000000000000000000032); packageReferences = (000000000000000000000014); };
000000000000000000000002 = { isa = XCConfigurationList; buildConfigurations = (00000000000000000000000A,00000000000000000000000B); defaultConfigurationIsVisible = 0; defaultConfigurationName = Release; };
000000000000000000000003 = { isa = PBXGroup; children = (000000000000000000000040,000000000000000000000041,000000000000000000000006,000000000000000000000035,000000000000000000000004); sourceTree = "<group>"; };
000000000000000000000004 = { isa = PBXGroup; children = (000000000000000000000007,000000000000000000000036); name = Products; sourceTree = "<group>"; };
000000000000000000000005 = { isa = PBXNativeTarget; buildConfigurationList = 000000000000000000000008; buildPhases = (00000000000000000000000C,00000000000000000000000D,00000000000000000000000E); buildRules = (); dependencies = (); fileSystemSynchronizedGroups = (000000000000000000000006,000000000000000000000040,000000000000000000000041); name = Copilot; packageProductDependencies = (00000000000000000000001E,00000000000000000000001F,000000000000000000000020); productName = Copilot; productReference = 000000000000000000000007; productType = "com.apple.product-type.application"; };
000000000000000000000006 = { isa = PBXFileSystemSynchronizedRootGroup; exceptions = (000000000000000000000009); path = Copilot; sourceTree = "<group>"; };
000000000000000000000007 = { isa = PBXFileReference; explicitFileType = wrapper.application; includeInIndex = 0; path = Copilot.app; sourceTree = BUILT_PRODUCTS_DIR; };
000000000000000000000008 = { isa = XCConfigurationList; buildConfigurations = (00000000000000000000000F,000000000000000000000010); defaultConfigurationIsVisible = 0; defaultConfigurationName = Release; };
000000000000000000000009 = { isa = PBXFileSystemSynchronizedBuildFileExceptionSet; membershipExceptions = (Info.plist); target = 000000000000000000000005; };
00000000000000000000000A = { isa = XCBuildConfiguration; buildSettings = { SDKROOT = iphoneos; IPHONEOS_DEPLOYMENT_TARGET = 17.2; SWIFT_VERSION = 5.0; CLANG_ENABLE_MODULES = YES; }; name = Debug; };
00000000000000000000000B = { isa = XCBuildConfiguration; buildSettings = { SDKROOT = iphoneos; IPHONEOS_DEPLOYMENT_TARGET = 17.2; SWIFT_VERSION = 5.0; CLANG_ENABLE_MODULES = YES; }; name = Release; };
00000000000000000000000C = { isa = PBXSourcesBuildPhase; buildActionMask = 2147483647; files = (); runOnlyForDeploymentPostprocessing = 0; };
00000000000000000000000D = { isa = PBXFrameworksBuildPhase; buildActionMask = 2147483647; files = (000000000000000000000028,000000000000000000000029,00000000000000000000002A); runOnlyForDeploymentPostprocessing = 0; };
00000000000000000000000E = { isa = PBXResourcesBuildPhase; buildActionMask = 2147483647; files = (); runOnlyForDeploymentPostprocessing = 0; };
00000000000000000000000F = { isa = XCBuildConfiguration; buildSettings = { PRODUCT_BUNDLE_IDENTIFIER = com.colinhu07.situationalawareness; PRODUCT_NAME = "$(TARGET_NAME)"; INFOPLIST_FILE = Copilot/Info.plist; GENERATE_INFOPLIST_FILE = NO; CODE_SIGN_STYLE = Automatic; CURRENT_PROJECT_VERSION = 1; MARKETING_VERSION = 0.1; TARGETED_DEVICE_FAMILY = 1; SWIFT_VERSION = 5.0; SWIFT_STRICT_CONCURRENCY = targeted; ENABLE_PREVIEWS = YES; LD_RUNPATH_SEARCH_PATHS = "$(inherited) @executable_path/Frameworks"; ENABLE_TESTABILITY = YES; SWIFT_OPTIMIZATION_LEVEL = "-Onone"; SWIFT_ACTIVE_COMPILATION_CONDITIONS = "DEBUG"; }; name = Debug; };
000000000000000000000010 = { isa = XCBuildConfiguration; buildSettings = { PRODUCT_BUNDLE_IDENTIFIER = com.colinhu07.situationalawareness; PRODUCT_NAME = "$(TARGET_NAME)"; INFOPLIST_FILE = Copilot/Info.plist; GENERATE_INFOPLIST_FILE = NO; CODE_SIGN_STYLE = Automatic; CURRENT_PROJECT_VERSION = 1; MARKETING_VERSION = 0.1; TARGETED_DEVICE_FAMILY = 1; SWIFT_VERSION = 5.0; SWIFT_STRICT_CONCURRENCY = targeted; ENABLE_PREVIEWS = YES; LD_RUNPATH_SEARCH_PATHS = "$(inherited) @executable_path/Frameworks"; SWIFT_OPTIMIZATION_LEVEL = "-O"; SWIFT_ACTIVE_COMPILATION_CONDITIONS = ""; }; name = Release; };
000000000000000000000014 = { isa = XCRemoteSwiftPackageReference; repositoryURL = "https://github.com/facebook/meta-wearables-dat-ios"; requirement = { kind = exactVersion; version = 1.0.0; }; };
00000000000000000000001E = { isa = XCSwiftPackageProductDependency; package = 000000000000000000000014; productName = MWDATCore; };
000000000000000000000028 = { isa = PBXBuildFile; productRef = 00000000000000000000001E; };
00000000000000000000001F = { isa = XCSwiftPackageProductDependency; package = 000000000000000000000014; productName = MWDATCamera; };
000000000000000000000029 = { isa = PBXBuildFile; productRef = 00000000000000000000001F; };
000000000000000000000020 = { isa = XCSwiftPackageProductDependency; package = 000000000000000000000014; productName = MWDATDisplay; };
00000000000000000000002A = { isa = PBXBuildFile; productRef = 000000000000000000000020; };
000000000000000000000032 = { isa = PBXNativeTarget; buildConfigurationList = 000000000000000000000033; buildPhases = (000000000000000000000037,000000000000000000000038); buildRules = (); dependencies = (00000000000000000000003A); fileSystemSynchronizedGroups = (000000000000000000000035); name = CopilotTests; productName = CopilotTests; productReference = 000000000000000000000036; productType = "com.apple.product-type.bundle.unit-test"; };
000000000000000000000033 = { isa = XCConfigurationList; buildConfigurations = (000000000000000000000034); defaultConfigurationIsVisible = 0; defaultConfigurationName = Debug; };
000000000000000000000034 = { isa = XCBuildConfiguration; buildSettings = { PRODUCT_BUNDLE_IDENTIFIER = com.colinhu07.situationalawareness.tests; PRODUCT_NAME = "$(TARGET_NAME)"; GENERATE_INFOPLIST_FILE = YES; CODE_SIGN_STYLE = Automatic; SWIFT_VERSION = 5.0; BUNDLE_LOADER = "$(TEST_HOST)"; TEST_HOST = "$(BUILT_PRODUCTS_DIR)/Copilot.app/$(BUNDLE_EXECUTABLE_FOLDER_PATH)/Copilot"; TARGETED_DEVICE_FAMILY = 1; }; name = Debug; };
000000000000000000000035 = { isa = PBXFileSystemSynchronizedRootGroup; path = CopilotTests; sourceTree = "<group>"; };
000000000000000000000036 = { isa = PBXFileReference; explicitFileType = wrapper.cfbundle; includeInIndex = 0; path = CopilotTests.xctest; sourceTree = BUILT_PRODUCTS_DIR; };
000000000000000000000037 = { isa = PBXSourcesBuildPhase; buildActionMask = 2147483647; files = (); runOnlyForDeploymentPostprocessing = 0; };
000000000000000000000038 = { isa = PBXFrameworksBuildPhase; buildActionMask = 2147483647; files = (); runOnlyForDeploymentPostprocessing = 0; };
000000000000000000000039 = { isa = PBXContainerItemProxy; containerPortal = 000000000000000000000001; proxyType = 1; remoteGlobalIDString = 000000000000000000000005; remoteInfo = Copilot; };
00000000000000000000003A = { isa = PBXTargetDependency; target = 000000000000000000000005; targetProxy = 000000000000000000000039; };
000000000000000000000040 = { isa = PBXFileSystemSynchronizedRootGroup; path = "../../regular-glasses/Sources"; sourceTree = "<group>"; };
000000000000000000000041 = { isa = PBXFileSystemSynchronizedRootGroup; path = "../../display-glasses/Sources"; sourceTree = "<group>"; };
}; rootObject = 000000000000000000000001; }
